
Microsoft Visual Studio Solution File, Format Version 12.00
Project("{FAE04EC0-301F-11D3-BF4B-00C04F79EFBC}") = "MvcMovie", "MvcMovie\MvcMovie.csproj", "{977B6A21-EC95-450F-9AB7-59EA46FB7403}"
EndProject
Global
	GlobalSection(SolutionConfigurationPlatforms) = preSolution
		Debug|Any CPU = Debug|Any CPU
		Release|Any CPU = Release|Any CPU
	EndGlobalSection
	GlobalSection(ProjectConfigurationPlatforms) = postSolution
		{977B6A21-EC95-450F-9AB7-59EA46FB7403}.Debug|Any CPU.ActiveCfg = Debug|Any CPU
		{977B6A21-EC95-450F-9AB7-59EA46FB7403}.Debug|Any CPU.Build.0 = Debug|Any CPU
		{977B6A21-EC95-450F-9AB7-59EA46FB7403}.Release|Any CPU.ActiveCfg = Release|Any CPU
		{977B6A21-EC95-450F-9AB7-59EA46FB7403}.Release|Any CPU.Build.0 = Release|Any CPU
	EndGlobalSection
EndGlobal
